// !$*UTF8*$!
{
	archiveVersion = 1;
	classes = {
	};
	objectVersion = 56;
	objects = {

/* Begin PBXBuildFile section */
		EFAFA7322C2C8B92009C17CF /* AppDelegate.swift in Sources */ = {isa = PBXBuildFile; fileRef = EFAFA7312C2C8B92009C17CF /* AppDelegate.swift */; };
		EFAFA7342C2C8B92009C17CF /* SceneDelegate.swift in Sources */ = {isa = PBXBuildFile; fileRef = EFAFA7332C2C8B92009C17CF /* SceneDelegate.swift */; };
		EFAFA7362C2C8B92009C17CF /* ViewController.swift in Sources */ = {isa = PBXBuildFile; fileRef = EFAFA7352C2C8B92009C17CF /* ViewController.swift */; };
		EFAFA7392C2C8B92009C17CF /* Base in Resources */ = {isa = PBXBuildFile; fileRef = EFAFA7382C2C8B92009C17CF /* Base */; };
		EFAFA73B2C2C8B94009C17CF /* Assets.xcassets in Resources */ = {isa = PBXBuildFile; fileRef = EFAFA73A2C2C8B94009C17CF /* Assets.xcassets */; };
		EFAFA73E2C2C8B94009C17CF /* Base in Resources */ = {isa = PBXBuildFile; fileRef = EFAFA73D2C2C8B94009C17CF /* Base */; };
		EFAFA7492C2C8B95009C17CF /* Bank_AssignmentTests.swift in Sources */ = {isa = PBXBuildFile; fileRef = EFAFA7482C2C8B95009C17CF /* Bank_AssignmentTests.swift */; };
		EFAFA7532C2C8B95009C17CF /* Bank_AssignmentUITests.swift in Sources */ = {isa = PBXBuildFile; fileRef = EFAFA7522C2C8B95009C17CF /* Bank_AssignmentUITests.swift */; };
		EFAFA7552C2C8B95009C17CF /* Bank_AssignmentUITestsLaunchTests.swift in Sources */ = {isa = PBXBuildFile; fileRef = EFAFA7542C2C8B95009C17CF /* Bank_AssignmentUITestsLaunchTests.swift */; };
		EFAFA7622C2C8BC1009C17CF /* BankingSystem.swift in Sources */ = {isa = PBXBuildFile; fileRef = EFAFA7612C2C8BC1009C17CF /* BankingSystem.swift */; };
		EFAFA7642C2C8BE4009C17CF /* CurrentAccount.swift in Sources */ = {isa = PBXBuildFile; fileRef = EFAFA7632C2C8BE4009C17CF /* CurrentAccount.swift */; };
		EFAFA7662C2C8BED009C17CF /* SavingsAccount.swift in Sources */ = {isa = PBXBuildFile; fileRef = EFAFA7652C2C8BED009C17CF /* SavingsAccount.swift */; };
		EFAFA7682C2C8C07009C17CF /* Customer.swift in Sources */ = {isa = PBXBuildFile; fileRef = EFAFA7672C2C8C07009C17CF /* Customer.swift */; };
/* End PBXBuildFile section */

/* Begin PBXContainerItemProxy section */
		EFAFA7452C2C8B95009C17CF /* PBXContainerItemProxy */ = {
			isa = PBXContainerItemProxy;
			containerPortal = EFAFA7262C2C8B92009C17CF /* Project object */;
			proxyType = 1;
			remoteGlobalIDString = EFAFA72D2C2C8B92009C17CF;
			remoteInfo = Bank_Assignment;
		};
		EFAFA74F2C2C8B95009C17CF /* PBXContainerItemProxy */ = {
			isa = PBXContainerItemProxy;
			containerPortal = EFAFA7262C2C8B92009C17CF /* Project object */;
			proxyType = 1;
			remoteGlobalIDString = EFAFA72D2C2C8B92009C17CF;
			remoteInfo = Bank_Assignment;
		};
/* End PBXContainerItemProxy section */

/* Begin PBXFileReference section */
		EFAFA72E2C2C8B92009C17CF /* Bank_Assignment.app */ = {isa = PBXFileReference; explicitFileType = wrapper.application; includeInIndex = 0; path = Bank_Assignment.app; sourceTree = BUILT_PRODUCTS_DIR; };
		EFAFA7312C2C8B92009C17CF /* AppDelegate.swift */ = {isa = PBXFileReference; lastKnownFileType = sourcecode.swift; path = AppDelegate.swift; sourceTree = "<group>"; };
		EFAFA7332C2C8B92009C17CF /* SceneDelegate.swift */ = {isa = PBXFileReference; lastKnownFileType = sourcecode.swift; path = SceneDelegate.swift; sourceTree = "<group>"; };
		EFAFA7352C2C8B92009C17CF /* ViewController.swift */ = {isa = PBXFileReference; lastKnownFileType = sourcecode.swift; path = ViewController.swift; sourceTree = "<group>"; };
		EFAFA7382C2C8B92009C17CF /* Base */ = {isa = PBXFileReference; lastKnownFileType = file.storyboard; name = Base; path = Base.lproj/Main.storyboard; sourceTree = "<group>"; };
		EFAFA73A2C2C8B94009C17CF /* Assets.xcassets */ = {isa = PBXFileReference; lastKnownFileType = folder.assetcatalog; path = Assets.xcassets; sourceTree = "<group>"; };
		EFAFA73D2C2C8B94009C17CF /* Base */ = {isa = PBXFileReference; lastKnownFileType = file.storyboard; name = Base; path = Base.lproj/LaunchScreen.storyboard; sourceTree = "<group>"; };
		EFAFA73F2C2C8B94009C17CF /* Info.plist */ = {isa = PBXFileReference; lastKnownFileType = text.plist.xml; path = Info.plist; sourceTree = "<group>"; };
		EFAFA7442C2C8B95009C17CF /* Bank_AssignmentTests.xctest */ = {isa = PBXFileReference; explicitFileType = wrapper.cfbundle; includeInIndex = 0; path = Bank_AssignmentTests.xctest; sourceTree = BUILT_PRODUCTS_DIR; };
		EFAFA7482C2C8B95009C17CF /* Bank_AssignmentTests.swift */ = {isa = PBXFileReference; lastKnownFileType = sourcecode.swift; path = Bank_AssignmentTests.swift; sourceTree = "<group>"; };
		EFAFA74E2C2C8B95009C17CF /* Bank_AssignmentUITests.xctest */ = {isa = PBXFileReference; explicitFileType = wrapper.cfbundle; includeInIndex = 0; path = Bank_AssignmentUITests.xctest; sourceTree = BUILT_PRODUCTS_DIR; };
		EFAFA7522C2C8B95009C17CF /* Bank_AssignmentUITests.swift */ = {isa = PBXFileReference; lastKnownFileType = sourcecode.swift; path = Bank_AssignmentUITests.swift; sourceTree = "<group>"; };
		EFAFA7542C2C8B95009C17CF /* Bank_AssignmentUITestsLaunchTests.swift */ = {isa = PBXFileReference; lastKnownFileType = sourcecode.swift; path = Bank_AssignmentUITestsLaunchTests.swift; sourceTree = "<group>"; };
		EFAFA7612C2C8BC1009C17CF /* BankingSystem.swift */ = {isa = PBXFileReference; lastKnownFileType = sourcecode.swift; path = BankingSystem.swift; sourceTree = "<group>"; };
		EFAFA7632C2C8BE4009C17CF /* CurrentAccount.swift */ = {isa = PBXFileReference; lastKnownFileType = sourcecode.swift; path = CurrentAccount.swift; sourceTree = "<group>"; };
		EFAFA7652C2C8BED009C17CF /* SavingsAccount.swift */ = {isa = PBXFileReference; lastKnownFileType = sourcecode.swift; path = SavingsAccount.swift; sourceTree = "<group>"; };
		EFAFA7672C2C8C07009C17CF /* Customer.swift */ = {isa = PBXFileReference; lastKnownFileType = sourcecode.swift; path = Customer.swift; sourceTree = "<group>"; };
/* End PBXFileReference section */

/* Begin PBXFrameworksBuildPhase section */
		EFAFA72B2C2C8B92009C17CF /* Frameworks */ = {
			isa = PBXFrameworksBuildPhase;
			buildActionMask = 2147483647;
			files = (
			);
			runOnlyForDeploymentPostprocessing = 0;
		};
		EFAFA7412C2C8B95009C17CF /* Frameworks */ = {
			isa = PBXFrameworksBuildPhase;
			buildActionMask = 2147483647;
			files = (
			);
			runOnlyForDeploymentPostprocessing = 0;
		};
		EFAFA74B2C2C8B95009C17CF /* Frameworks */ = {
			isa = PBXFrameworksBuildPhase;
			buildActionMask = 2147483647;
			files = (
			);
			runOnlyForDeploymentPostprocessing = 0;
		};
/* End PBXFrameworksBuildPhase section */

/* Begin PBXGroup section */
		EFAFA7252C2C8B92009C17CF = {
			isa = PBXGroup;
			children = (
				EFAFA7302C2C8B92009C17CF /* Bank_Assignment */,
				EFAFA7472C2C8B95009C17CF /* Bank_AssignmentTests */,
				EFAFA7512C2C8B95009C17CF /* Bank_AssignmentUITests */,
				EFAFA72F2C2C8B92009C17CF /* Products */,
			);
			sourceTree = "<group>";
		};
		EFAFA72F2C2C8B92009C17CF /* Products */ = {
			isa = PBXGroup;
			children = (
				EFAFA72E2C2C8B92009C17CF /* Bank_Assignment.app */,
				EFAFA7442C2C8B95009C17CF /* Bank_AssignmentTests.xctest */,
				EFAFA74E2C2C8B95009C17CF /* Bank_AssignmentUITests.xctest */,
			);
			name = Products;
			sourceTree = "<group>";
		};
		EFAFA7302C2C8B92009C17CF /* Bank_Assignment */ = {
			isa = PBXGroup;
			children = (
				EFAFA7312C2C8B92009C17CF /* AppDelegate.swift */,
				EFAFA7332C2C8B92009C17CF /* SceneDelegate.swift */,
				EFAFA7352C2C8B92009C17CF /* ViewController.swift */,
				EFAFA7612C2C8BC1009C17CF /* BankingSystem.swift */,
				EFAFA7632C2C8BE4009C17CF /* CurrentAccount.swift */,
				EFAFA7652C2C8BED009C17CF /* SavingsAccount.swift */,
				EFAFA7672C2C8C07009C17CF /* Customer.swift */,
				EFAFA7372C2C8B92009C17CF /* Main.storyboard */,
				EFAFA73A2C2C8B94009C17CF /* Assets.xcassets */,
				EFAFA73C2C2C8B94009C17CF /* LaunchScreen.storyboard */,
				EFAFA73F2C2C8B94009C17CF /* Info.plist */,
			);
			path = Bank_Assignment;
			sourceTree = "<group>";
		};
		EFAFA7472C2C8B95009C17CF /* Bank_AssignmentTests */ = {
			isa = PBXGroup;
			children = (
				EFAFA7482C2C8B95009C17CF /* Bank_AssignmentTests.swift */,
			);
			path = Bank_AssignmentTests;
			sourceTree = "<group>";
		};
		EFAFA7512C2C8B95009C17CF /* Bank_AssignmentUITests */ = {
			isa = PBXGroup;
			children = (
				EFAFA7522C2C8B95009C17CF /* Bank_AssignmentUITests.swift */,
				EFAFA7542C2C8B95009C17CF /* Bank_AssignmentUITestsLaunchTests.swift */,
			);
			path = Bank_AssignmentUITests;
			sourceTree = "<group>";
		};
/* End PBXGroup section */

/* Begin PBXNativeTarget section */
		EFAFA72D2C2C8B92009C17CF /* Bank_Assignment */ = {
			isa = PBXNativeTarget;
			buildConfigurationList = EFAFA7582C2C8B95009C17CF /* Build configuration list for PBXNativeTarget "Bank_Assignment" */;
			buildPhases = (
				EFAFA72A2C2C8B92009C17CF /* Sources */,
				EFAFA72B2C2C8B92009C17CF /* Frameworks */,
				EFAFA72C2C2C8B92009C17CF /* Resources */,
			);
			buildRules = (
			);
			dependencies = (
			);
			name = Bank_Assignment;
			productName = Bank_Assignment;
			productReference = EFAFA72E2C2C8B92009C17CF /* Bank_Assignment.app */;
			productType = "com.apple.product-type.application";
		};
		EFAFA7432C2C8B95009C17CF /* Bank_AssignmentTests */ = {
			isa = PBXNativeTarget;
			buildConfigurationList = EFAFA75B2C2C8B95009C17CF /* Build configuration list for PBXNativeTarget "Bank_AssignmentTests" */;
			buildPhases = (
				EFAFA7402C2C8B95009C17CF /* Sources */,
				EFAFA7412C2C8B95009C17CF /* Frameworks */,
				EFAFA7422C2C8B95009C17CF /* Resources */,
			);
			buildRules = (
			);
			dependencies = (
				EFAFA7462C2C8B95009C17CF /* PBXTargetDependency */,
			);
			name = Bank_AssignmentTests;
			productName = Bank_AssignmentTests;
			productReference = EFAFA7442C2C8B95009C17CF /* Bank_AssignmentTests.xctest */;
			productType = "com.apple.product-type.bundle.unit-test";
		};
		EFAFA74D2C2C8B95009C17CF /* Bank_AssignmentUITests */ = {
			isa = PBXNativeTarget;
			buildConfigurationList = EFAFA75E2C2C8B95009C17CF /* Build configuration list for PBXNativeTarget "Bank_AssignmentUITests" */;
			buildPhases = (
				EFAFA74A2C2C8B95009C17CF /* Sources */,
				EFAFA74B2C2C8B95009C17CF /* Frameworks */,
				EFAFA74C2C2C8B95009C17CF /* Resources */,
			);
			buildRules = (
			);
			dependencies = (
				EFAFA7502C2C8B95009C17CF /* PBXTargetDependency */,
			);
			name = Bank_AssignmentUITests;
			productName = Bank_AssignmentUITests;
			productReference = EFAFA74E2C2C8B95009C17CF /* Bank_AssignmentUITests.xctest */;
			productType = "com.apple.product-type.bundle.ui-testing";
		};
/* End PBXNativeTarget section */

/* Begin PBXProject section */
		EFAFA7262C2C8B92009C17CF /* Project object */ = {
			isa = PBXProject;
			attributes = {
				BuildIndependentTargetsInParallel = 1;
				LastSwiftUpdateCheck = 1540;
				LastUpgradeCheck = 1540;
				TargetAttributes = {
					EFAFA72D2C2C8B92009C17CF = {
						CreatedOnToolsVersion = 15.4;
					};
					EFAFA7432C2C8B95009C17CF = {
						CreatedOnToolsVersion = 15.4;
						TestTargetID = EFAFA72D2C2C8B92009C17CF;
					};
					EFAFA74D2C2C8B95009C17CF = {
						CreatedOnToolsVersion = 15.4;
						TestTargetID = EFAFA72D2C2C8B92009C17CF;
					};
				};
			};
			buildConfigurationList = EFAFA7292C2C8B92009C17CF /* Build configuration list for PBXProject "Bank_Assignment" */;
			compatibilityVersion = "Xcode 14.0";
			developmentRegion = en;
			hasScannedForEncodings = 0;
			knownRegions = (
				en,
				Base,
			);
			mainGroup = EFAFA7252C2C8B92009C17CF;
			productRefGroup = EFAFA72F2C2C8B92009C17CF /* Products */;
			projectDirPath = "";
			projectRoot = "";
			targets = (
				EFAFA72D2C2C8B92009C17CF /* Bank_Assignment */,
				EFAFA7432C2C8B95009C17CF /* Bank_AssignmentTests */,
				EFAFA74D2C2C8B95009C17CF /* Bank_AssignmentUITests */,
			);
		};
/* End PBXProject section */

/* Begin PBXResourcesBuildPhase section */
		EFAFA72C2C2C8B92009C17CF /* Resources */ = {
			isa = PBXResourcesBuildPhase;
			buildActionMask = 2147483647;
			files = (
				EFAFA73B2C2C8B94009C17CF /* Assets.xcassets in Resources */,
				EFAFA73E2C2C8B94009C17CF /* Base in Resources */,
				EFAFA7392C2C8B92009C17CF /* Base in Resources */,
			);
			runOnlyForDeploymentPostprocessing = 0;
		};
		EFAFA7422C2C8B95009C17CF /* Resources */ = {
			isa = PBXResourcesBuildPhase;
			buildActionMask = 2147483647;
			files = (
			);
			runOnlyForDeploymentPostprocessing = 0;
		};
		EFAFA74C2C2C8B95009C17CF /* Resources */ = {
			isa = PBXResourcesBuildPhase;
			buildActionMask = 2147483647;
			files = (
			);
			runOnlyForDeploymentPostprocessing = 0;
		};
/* End PBXResourcesBuildPhase section */

/* Begin PBXSourcesBuildPhase section */
		EFAFA72A2C2C8B92009C17CF /* Sources */ = {
			isa = PBXSourcesBuildPhase;
			buildActionMask = 2147483647;
			files = (
				EFAFA7362C2C8B92009C17CF /* ViewController.swift in Sources */,
				EFAFA7682C2C8C07009C17CF /* Customer.swift in Sources */,
				EFAFA7622C2C8BC1009C17CF /* BankingSystem.swift in Sources */,
				EFAFA7322C2C8B92009C17CF /* AppDelegate.swift in Sources */,
				EFAFA7342C2C8B92009C17CF /* SceneDelegate.swift in Sources */,
				EFAFA7642C2C8BE4009C17CF /* CurrentAccount.swift in Sources */,
				EFAFA7662C2C8BED009C17CF /* SavingsAccount.swift in Sources */,
			);
			runOnlyForDeploymentPostprocessing = 0;
		};
		EFAFA7402C2C8B95009C17CF /* Sources */ = {
			isa = PBXSourcesBuildPhase;
			buildActionMask = 2147483647;
			files = (
				EFAFA7492C2C8B95009C17CF /* Bank_AssignmentTests.swift in Sources */,
			);
			runOnlyForDeploymentPostprocessing = 0;
		};
		EFAFA74A2C2C8B95009C17CF /* Sources */ = {
			isa = PBXSourcesBuildPhase;
			buildActionMask = 2147483647;
			files = (
				EFAFA7532C2C8B95009C17CF /* Bank_AssignmentUITests.swift in Sources */,
				EFAFA7552C2C8B95009C17CF /* Bank_AssignmentUITestsLaunchTests.swift in Sources */,
			);
			runOnlyForDeploymentPostprocessing = 0;
		};
/* End PBXSourcesBuildPhase section */

/* Begin PBXTargetDependency section */
		EFAFA7462C2C8B95009C17CF /* PBXTargetDependency */ = {
			isa = PBXTargetDependency;
			target = EFAFA72D2C2C8B92009C17CF /* Bank_Assignment */;
			targetProxy = EFAFA7452C2C8B95009C17CF /* PBXContainerItemProxy */;
		};
		EFAFA7502C2C8B95009C17CF /* PBXTargetDependency */ = {
			isa = PBXTargetDependency;
			target = EFAFA72D2C2C8B92009C17CF /* Bank_Assignment */;
			targetProxy = EFAFA74F2C2C8B95009C17CF /* PBXContainerItemProxy */;
		};
/* End PBXTargetDependency section */

/* Begin PBXVariantGroup section */
		EFAFA7372C2C8B92009C17CF /* Main.storyboard */ = {
			isa = PBXVariantGroup;
			children = (
				EFAFA7382C2C8B92009C17CF /* Base */,
			);
			name = Main.storyboard;
			sourceTree = "<group>";
		};
		EFAFA73C2C2C8B94009C17CF /* LaunchScreen.storyboard */ = {
			isa = PBXVariantGroup;
			children = (
				EFAFA73D2C2C8B94009C17CF /* Base */,
			);
			name = LaunchScreen.storyboard;
			sourceTree = "<group>";
		};
/* End PBXVariantGroup section */

/* Begin XCBuildConfiguration section */
		EFAFA7562C2C8B95009C17CF /* Debug */ = {
			isa = XCBuildConfiguration;
			buildSettings = {
				ALWAYS_SEARCH_USER_PATHS = NO;
				ASSETCATALOG_COMPILER_GENERATE_SWIFT_ASSET_SYMBOL_EXTENSIONS = YES;
				CLANG_ANALYZER_NONNULL = YES;
				CLANG_ANALYZER_NUMBER_OBJECT_CONVERSION = YES_AGGRESSIVE;
				CLANG_CXX_LANGUAGE_STANDARD = "gnu++20";
				CLANG_ENABLE_MODULES = YES;
				CLANG_ENABLE_OBJC_ARC = YES;
				CLANG_ENABLE_OBJC_WEAK = YES;
				CLANG_WARN_BLOCK_CAPTURE_AUTORELEASING = YES;
				CLANG_WARN_BOOL_CONVERSION = YES;
				CLANG_WARN_COMMA = YES;
				CLANG_WARN_CONSTANT_CONVERSION = YES;
				CLANG_WARN_DEPRECATED_OBJC_IMPLEMENTATIONS = YES;
				CLANG_WARN_DIRECT_OBJC_ISA_USAGE = YES_ERROR;
				CLANG_WARN_DOCUMENTATION_COMMENTS = YES;
				CLANG_WARN_EMPTY_BODY = YES;
				CLANG_WARN_ENUM_CONVERSION = YES;
				CLANG_WARN_INFINITE_RECURSION = YES;
				CLANG_WARN_INT_CONVERSION = YES;
				CLANG_WARN_NON_LITERAL_NULL_CONVERSION = YES;
				CLANG_WARN_OBJC_IMPLICIT_RETAIN_SELF = YES;
				CLANG_WARN_OBJC_LITERAL_CONVERSION = YES;
				CLANG_WARN_OBJC_ROOT_CLASS = YES_ERROR;
				CLANG_WARN_QUOTED_INCLUDE_IN_FRAMEWORK_HEADER = YES;
				CLANG_WARN_RANGE_LOOP_ANALYSIS = YES;
				CLANG_WARN_STRICT_PROTOTYPES = YES;
				CLANG_WARN_SUSPICIOUS_MOVE = YES;
				CLANG_WARN_UNGUARDED_AVAILABILITY = YES_AGGRESSIVE;
				CLANG_WARN_UNREACHABLE_CODE = YES;
				CLANG_WARN__DUPLICATE_METHOD_MATCH = YES;
				COPY_PHASE_STRIP = NO;
				DEBUG_INFORMATION_FORMAT = dwarf;
				ENABLE_STRICT_OBJC_MSGSEND = YES;
				ENABLE_TESTABILITY = YES;
				ENABLE_USER_SCRIPT_SANDBOXING = YES;
				GCC_C_LANGUAGE_STANDARD = gnu17;
				GCC_DYNAMIC_NO_PIC = NO;
				GCC_NO_COMMON_BLOCKS = YES;
				GCC_OPTIMIZATION_LEVEL = 0;
				GCC_PREPROCESSOR_DEFINITIONS = (
					"DEBUG=1",
					"$(inherited)",
				);
				GCC_WARN_64_TO_32_BIT_CONVERSION = YES;
				GCC_WARN_ABOUT_RETURN_TYPE = YES_ERROR;
				GCC_WARN_UNDECLARED_SELECTOR = YES;
				GCC_WARN_UNINITIALIZED_AUTOS = YES_AGGRESSIVE;
				GCC_WARN_UNUSED_FUNCTION = YES;
				GCC_WARN_UNUSED_VARIABLE = YES;
				IPHONEOS_DEPLOYMENT_TARGET = 17.5;
				LOCALIZATION_PREFERS_STRING_CATALOGS = YES;
				MTL_ENABLE_DEBUG_INFO = INCLUDE_SOURCE;
				MTL_FAST_MATH = YES;
				ONLY_ACTIVE_ARCH = YES;
				SDKROOT = iphoneos;
				SWIFT_ACTIVE_COMPILATION_CONDITIONS = "DEBUG $(inherited)";
				SWIFT_OPTIMIZATION_LEVEL = "-Onone";
			};
			name = Debug;
		};
		EFAFA7572C2C8B95009C17CF /* Release */ = {
			isa = XCBuildConfiguration;
			buildSettings = {
				ALWAYS_SEARCH_USER_PATHS = NO;
				ASSETCATALOG_COMPILER_GENERATE_SWIFT_ASSET_SYMBOL_EXTENSIONS = YES;
				CLANG_ANALYZER_NONNULL = YES;
				CLANG_ANALYZER_NUMBER_OBJECT_CONVERSION = YES_AGGRESSIVE;
				CLANG_CXX_LANGUAGE_STANDARD = "gnu++20";
				CLANG_ENABLE_MODULES = YES;
				CLANG_ENABLE_OBJC_ARC = YES;
				CLANG_ENABLE_OBJC_WEAK = YES;
				CLANG_WARN_BLOCK_CAPTURE_AUTORELEASING = YES;
				CLANG_WARN_BOOL_CONVERSION = YES;
				CLANG_WARN_COMMA = YES;
				CLANG_WARN_CONSTANT_CONVERSION = YES;
				CLANG_WARN_DEPRECATED_OBJC_IMPLEMENTATIONS = YES;
				CLANG_WARN_DIRECT_OBJC_ISA_USAGE = YES_ERROR;
				CLANG_WARN_DOCUMENTATION_COMMENTS = YES;
				CLANG_WARN_EMPTY_BODY = YES;
				CLANG_WARN_ENUM_CONVERSION = YES;
				CLANG_WARN_INFINITE_RECURSION = YES;
				CLANG_WARN_INT_CONVERSION = YES;
				CLANG_WARN_NON_LITERAL_NULL_CONVERSION = YES;
				CLANG_WARN_OBJC_IMPLICIT_RETAIN_SELF = YES;
				CLANG_WARN_OBJC_LITERAL_CONVERSION = YES;
				CLANG_WARN_OBJC_ROOT_CLASS = YES_ERROR;
				CLANG_WARN_QUOTED_INCLUDE_IN_FRAMEWORK_HEADER = YES;
				CLANG_WARN_RANGE_LOOP_ANALYSIS = YES;
				CLANG_WARN_STRICT_PROTOTYPES = YES;
				CLANG_WARN_SUSPICIOUS_MOVE = YES;
				CLANG_WARN_UNGUARDED_AVAILABILITY = YES_AGGRESSIVE;
				CLANG_WARN_UNREACHABLE_CODE = YES;
				CLANG_WARN__DUPLICATE_METHOD_MATCH = YES;
				COPY_PHASE_STRIP = NO;
				DEBUG_INFORMATION_FORMAT = "dwarf-with-dsym";
				ENABLE_NS_ASSERTIONS = NO;
				ENABLE_STRICT_OBJC_MSGSEND = YES;
				ENABLE_USER_SCRIPT_SANDBOXING = YES;
				GCC_C_LANGUAGE_STANDARD = gnu17;
				GCC_NO_COMMON_BLOCKS = YES;
				GCC_WARN_64_TO_32_BIT_CONVERSION = YES;
				GCC_WARN_ABOUT_RETURN_TYPE = YES_ERROR;
				GCC_WARN_UNDECLARED_SELECTOR = YES;
				GCC_WARN_UNINITIALIZED_AUTOS = YES_AGGRESSIVE;
				GCC_WARN_UNUSED_FUNCTION = YES;
				GCC_WARN_UNUSED_VARIABLE = YES;
				IPHONEOS_DEPLOYMENT_TARGET = 17.5;
				LOCALIZATION_PREFERS_STRING_CATALOGS = YES;
				MTL_ENABLE_DEBUG_INFO = NO;
				MTL_FAST_MATH = YES;
				SDKROOT = iphoneos;
				SWIFT_COMPILATION_MODE = wholemodule;
				VALIDATE_PRODUCT = YES;
			};
			name = Release;
		};
		EFAFA7592C2C8B95009C17CF /* Debug */ = {
			isa = XCBuildConfiguration;
			buildSettings = {
				ASSETCATALOG_COMPILER_APPICON_NAME = AppIcon;
				ASSETCATALOG_COMPILER_GLOBAL_ACCENT_COLOR_NAME = AccentColor;
				CODE_SIGN_STYLE = Automatic;
				CURRENT_PROJECT_VERSION = 1;
				GENERATE_INFOPLIST_FILE = YES;
				INFOPLIST_FILE = Bank_Assignment/Info.plist;
				INFOPLIST_KEY_UIApplicationSupportsIndirectInputEvents = YES;
				INFOPLIST_KEY_UILaunchStoryboardName = LaunchScreen;
				INFOPLIST_KEY_UIMainStoryboardFile = Main;
				INFOPLIST_KEY_UISupportedInterfaceOrientations_iPad = "UIInterfaceOrientationPortrait UIInterfaceOrientationPortraitUpsideDown UIInterfaceOrientationLandscapeLeft UIInterfaceOrientationLandscapeRight";
				INFOPLIST_KEY_UISupportedInterfaceOrientations_iPhone = "UIInterfaceOrientationPortrait UIInterfaceOrientationLandscapeLeft UIInterfaceOrientationLandscapeRight";
				LD_RUNPATH_SEARCH_PATHS = (
					"$(inherited)",
					"@executable_path/Frameworks",
				);
				MARKETING_VERSION = 1.0;
				PRODUCT_BUNDLE_IDENTIFIER = "com.sumit.Bank-Assignment";
				PRODUCT_NAME = "$(TARGET_NAME)";
				SWIFT_EMIT_LOC_STRINGS = YES;
				SWIFT_VERSION = 5.0;
				TARGETED_DEVICE_FAMILY = "1,2";
			};
			name = Debug;
		};
		EFAFA75A2C2C8B95009C17CF /* Release */ = {
			isa = XCBuildConfiguration;
			buildSettings = {
				ASSETCATALOG_COMPILER_APPICON_NAME = AppIcon;
				ASSETCATALOG_COMPILER_GLOBAL_ACCENT_COLOR_NAME = AccentColor;
				CODE_SIGN_STYLE = Automatic;
				CURRENT_PROJECT_VERSION = 1;
				GENERATE_INFOPLIST_FILE = YES;
				INFOPLIST_FILE = Bank_Assignment/Info.plist;
				INFOPLIST_KEY_UIApplicationSupportsIndirectInputEvents = YES;
				INFOPLIST_KEY_UILaunchStoryboardName = LaunchScreen;
				INFOPLIST_KEY_UIMainStoryboardFile = Main;
				INFOPLIST_KEY_UISupportedInterfaceOrientations_iPad = "UIInterfaceOrientationPortrait UIInterfaceOrientationPortraitUpsideDown UIInterfaceOrientationLandscapeLeft UIInterfaceOrientationLandscapeRight";
				INFOPLIST_KEY_UISupportedInterfaceOrientations_iPhone = "UIInterfaceOrientationPortrait UIInterfaceOrientationLandscapeLeft UIInterfaceOrientationLandscapeRight";
				LD_RUNPATH_SEARCH_PATHS = (
					"$(inherited)",
					"@executable_path/Frameworks",
				);
				MARKETING_VERSION = 1.0;
				PRODUCT_BUNDLE_IDENTIFIER = "com.sumit.Bank-Assignment";
				PRODUCT_NAME = "$(TARGET_NAME)";
				SWIFT_EMIT_LOC_STRINGS = YES;
				SWIFT_VERSION = 5.0;
				TARGETED_DEVICE_FAMILY = "1,2";
			};
			name = Release;
		};
		EFAFA75C2C2C8B95009C17CF /* Debug */ = {
			isa = XCBuildConfiguration;
			buildSettings = {
				ALWAYS_EMBED_SWIFT_STANDARD_LIBRARIES = YES;
				BUNDLE_LOADER = "$(TEST_HOST)";
				CODE_SIGN_STYLE = Automatic;
				CURRENT_PROJECT_VERSION = 1;
				GENERATE_INFOPLIST_FILE = YES;
				IPHONEOS_DEPLOYMENT_TARGET = 17.5;
				MARKETING_VERSION = 1.0;
				PRODUCT_BUNDLE_IDENTIFIER = "com.sumit.Bank-AssignmentTests";
				PRODUCT_NAME = "$(TARGET_NAME)";
				SWIFT_EMIT_LOC_STRINGS = NO;
				SWIFT_VERSION = 5.0;
				TARGETED_DEVICE_FAMILY = "1,2";
				TEST_HOST = "$(BUILT_PRODUCTS_DIR)/Bank_Assignment.app/$(BUNDLE_EXECUTABLE_FOLDER_PATH)/Bank_Assignment";
			};
			name = Debug;
		};
		EFAFA75D2C2C8B95009C17CF /* Release */ = {
			isa = XCBuildConfiguration;
			buildSettings = {
				ALWAYS_EMBED_SWIFT_STANDARD_LIBRARIES = YES;
				BUNDLE_LOADER = "$(TEST_HOST)";
				CODE_SIGN_STYLE = Automatic;
				CURRENT_PROJECT_VERSION = 1;
				GENERATE_INFOPLIST_FILE = YES;
				IPHONEOS_DEPLOYMENT_TARGET = 17.5;
				MARKETING_VERSION = 1.0;
				PRODUCT_BUNDLE_IDENTIFIER = "com.sumit.Bank-AssignmentTests";
				PRODUCT_NAME = "$(TARGET_NAME)";
				SWIFT_EMIT_LOC_STRINGS = NO;
				SWIFT_VERSION = 5.0;
				TARGETED_DEVICE_FAMILY = "1,2";
				TEST_HOST = "$(BUILT_PRODUCTS_DIR)/Bank_Assignment.app/$(BUNDLE_EXECUTABLE_FOLDER_PATH)/Bank_Assignment";
			};
			name = Release;
		};
		EFAFA75F2C2C8B95009C17CF /* Debug */ = {
			isa = XCBuildConfiguration;
			buildSettings = {
				ALWAYS_EMBED_SWIFT_STANDARD_LIBRARIES = YES;
				CODE_SIGN_STYLE = Automatic;
				CURRENT_PROJECT_VERSION = 1;
				GENERATE_INFOPLIST_FILE = YES;
				MARKETING_VERSION = 1.0;
				PRODUCT_BUNDLE_IDENTIFIER = "com.sumit.Bank-AssignmentUITests";
				PRODUCT_NAME = "$(TARGET_NAME)";
				SWIFT_EMIT_LOC_STRINGS = NO;
				SWIFT_VERSION = 5.0;
				TARGETED_DEVICE_FAMILY = "1,2";
				TEST_TARGET_NAME = Bank_Assignment;
			};
			name = Debug;
		};
		EFAFA7602C2C8B95009C17CF /* Release */ = {
			isa = XCBuildConfiguration;
			buildSettings = {
				ALWAYS_EMBED_SWIFT_STANDARD_LIBRARIES = YES;
				CODE_SIGN_STYLE = Automatic;
				CURRENT_PROJECT_VERSION = 1;
				GENERATE_INFOPLIST_FILE = YES;
				MARKETING_VERSION = 1.0;
				PRODUCT_BUNDLE_IDENTIFIER = "com.sumit.Bank-AssignmentUITests";
				PRODUCT_NAME = "$(TARGET_NAME)";
				SWIFT_EMIT_LOC_STRINGS = NO;
				SWIFT_VERSION = 5.0;
				TARGETED_DEVICE_FAMILY = "1,2";
				TEST_TARGET_NAME = Bank_Assignment;
			};
			name = Release;
		};
/* End XCBuildConfiguration section */

/* Begin XCConfigurationList section */
		EFAFA7292C2C8B92009C17CF /* Build configuration list for PBXProject "Bank_Assignment" */ = {
			isa = XCConfigurationList;
			buildConfigurations = (
				EFAFA7562C2C8B95009C17CF /* Debug */,
				EFAFA7572C2C8B95009C17CF /* Release */,
			);
			defaultConfigurationIsVisible = 0;
			defaultConfigurationName = Release;
		};
		EFAFA7582C2C8B95009C17CF /* Build configuration list for PBXNativeTarget "Bank_Assignment" */ = {
			isa = XCConfigurationList;
			buildConfigurations = (
				EFAFA7592C2C8B95009C17CF /* Debug */,
				EFAFA75A2C2C8B95009C17CF /* Release */,
			);
			defaultConfigurationIsVisible = 0;
			defaultConfigurationName = Release;
		};
		EFAFA75B2C2C8B95009C17CF /* Build configuration list for PBXNativeTarget "Bank_AssignmentTests" */ = {
			isa = XCConfigurationList;
			buildConfigurations = (
				EFAFA75C2C2C8B95009C17CF /* Debug */,
				EFAFA75D2C2C8B95009C17CF /* Release */,
			);
			defaultConfigurationIsVisible = 0;
			defaultConfigurationName = Release;
		};
		EFAFA75E2C2C8B95009C17CF /* Build configuration list for PBXNativeTarget "Bank_AssignmentUITests" */ = {
			isa = XCConfigurationList;
			buildConfigurations = (
				EFAFA75F2C2C8B95009C17CF /* Debug */,
				EFAFA7602C2C8B95009C17CF /* Release */,
			);
			defaultConfigurationIsVisible = 0;
			defaultConfigurationName = Release;
		};
/* End XCConfigurationList section */
	};
	rootObject = EFAFA7262C2C8B92009C17CF /* Project object */;
}
